
Microsoft Visual Studio Solution File, Format Version 12.00
# Visual Studio Version 16
VisualStudioVersion = 16.0.29519.181
MinimumVisualStudioVersion = 10.0.40219.1
Project("{9A19103F-16F7-4668-BE54-9A1E7A4F7556}") = "esercizio12", "esercizio12\esercizio12.csproj", "{8DD72302-AAB6-4305-9613-5CDE3F4C963B}"
EndProject
Global
	GlobalSection(SolutionConfigurationPlatforms) = preSolution
		Debug|Any CPU = Debug|Any CPU
		Release|Any CPU = Release|Any CPU
	EndGlobalSection
	GlobalSection(ProjectConfigurationPlatforms) = postSolution
		{8DD72302-AAB6-4305-9613-5CDE3F4C963B}.Debug|Any CPU.ActiveCfg = Debug|Any CPU
		{8DD72302-AAB6-4305-9613-5CDE3F4C963B}.Debug|Any CPU.Build.0 = Debug|Any CPU
		{8DD72302-AAB6-4305-9613-5CDE3F4C963B}.Release|Any CPU.ActiveCfg = Release|Any CPU
		{8DD72302-AAB6-4305-9613-5CDE3F4C963B}.Release|Any CPU.Build.0 = Release|Any CPU
	EndGlobalSection
	GlobalSection(SolutionProperties) = preSolution
		HideSolutionNode = FALSE
	EndGlobalSection
	GlobalSection(ExtensibilityGlobals) = postSolution
		SolutionGuid = {C1CE29E2-3390-4967-A47F-B29B47A8D21C}
	EndGlobalSection
EndGlobal
